lockfileVersion: '9.0'

settings:
  autoInstallPeers: true
  excludeLinksFromLockfile: false

importers:

  .:
    devDependencies:
      '@next/swc-linux-x64-gnu':
        specifier: 15.2.4
        version: 15.2.4
      lightningcss-linux-x64-gnu:
        specifier: ^1.32.0
        version: 1.32.0

packages:

  '@next/swc-linux-x64-gnu@15.2.4':
    resolution: {integrity: sha512-yb5WTRaHdkgOqFOZiu6rHV1fAEK0flVpaIN2HB6kxHVSy/dIajWbThS7qON3W9/SNOH2JWkVCyulgGYekMePuw==}
    engines: {node: '>= 10'}
    cpu: [x64]
    os: [linux]

  lightningcss-linux-x64-gnu@1.32.0:
    resolution: {integrity: sha512-V7Qr52IhZmdKPVr+Vtw8o+WLsQJYCTd8loIfpDaMRWGUZfBOYEJeyJIkqGIDMZPwPx24pUMfwSxxI8phr/MbOA==}
    engines: {node: '>= 12.0.0'}
    cpu: [x64]
    os: [linux]

snapshots:

  '@next/swc-linux-x64-gnu@15.2.4': {}

  lightningcss-linux-x64-gnu@1.32.0: {}
